
Microsoft Visual Studio Solution File, Format Version 12.00
# Visual Studio 15
VisualStudioVersion = 15.0.28307.489
MinimumVisualStudioVersion = 10.0.40219.1
Project("{FAE04EC0-301F-11D3-BF4B-00C04F79EFBC}") = "Colour_pallete", "Colour_pallete\Colour_pallete.csproj", "{03FA11AC-E36E-49F4-8628-1B59CEA78B2D}"
EndProject
Global
	GlobalSection(SolutionConfigurationPlatforms) = preSolution
		Debug|Any CPU = Debug|Any CPU
		Release|Any CPU = Release|Any CPU
	EndGlobalSection
	GlobalSection(ProjectConfigurationPlatforms) = postSolution
		{03FA11AC-E36E-49F4-8628-1B59CEA78B2D}.Debug|Any CPU.ActiveCfg = Debug|Any CPU
		{03FA11AC-E36E-49F4-8628-1B59CEA78B2D}.Debug|Any CPU.Build.0 = Debug|Any CPU
		{03FA11AC-E36E-49F4-8628-1B59CEA78B2D}.Release|Any CPU.ActiveCfg = Release|Any CPU
		{03FA11AC-E36E-49F4-8628-1B59CEA78B2D}.Release|Any CPU.Build.0 = Release|Any CPU
	EndGlobalSection
	GlobalSection(SolutionProperties) = preSolution
		HideSolutionNode = FALSE
	EndGlobalSection
	GlobalSection(ExtensibilityGlobals) = postSolution
		SolutionGuid = {0ECEE97E-FA77-40CE-BE7F-90ABF05AC138}
	EndGlobalSection
EndGlobal
